// !$*UTF8*$!
{
	archiveVersion = 1;
	classes = {
	};
	objectVersion = 46;
	objects = {

/* Begin PBXBuildFile section */
		040C4B571E48FA74001AE1F8 /* AppDelegate.swift in Sources */ = {isa = PBXBuildFile; fileRef = 040C4B561E48FA74001AE1F8 /* AppDelegate.swift */; };
		040C4B591E48FA74001AE1F8 /* ViewController.swift in Sources */ = {isa = PBXBuildFile; fileRef = 040C4B581E48FA74001AE1F8 /* ViewController.swift */; };
		040C4B5C1E48FA74001AE1F8 /* Main.storyboard in Resources */ = {isa = PBXBuildFile; fileRef = 040C4B5A1E48FA74001AE1F8 /* Main.storyboard */; };
		040C4B5E1E48FA74001AE1F8 /* Assets.xcassets in Resources */ = {isa = PBXBuildFile; fileRef = 040C4B5D1E48FA74001AE1F8 /* Assets.xcassets */; };
		040C4B611E48FA74001AE1F8 /* LaunchScreen.storyboard in Resources */ = {isa = PBXBuildFile; fileRef = 040C4B5F1E48FA74001AE1F8 /* LaunchScreen.storyboard */; };
		040C4B6C1E48FA74001AE1F8 /* FoodTrackerTests.swift in Sources */ = {isa = PBXBuildFile; fileRef = 040C4B6B1E48FA74001AE1F8 /* FoodTrackerTests.swift */; };
		040C4B771E48FA74001AE1F8 /* FoodTrackerUITests.swift in Sources */ = {isa = PBXBuildFile; fileRef = 040C4B761E48FA74001AE1F8 /* FoodTrackerUITests.swift */; };
/* End PBXBuildFile section */

/* Begin PBXContainerItemProxy section */
		040C4B681E48FA74001AE1F8 /* PBXContainerItemProxy */ = {
			isa = PBXContainerItemProxy;
			containerPortal = 040C4B4B1E48FA74001AE1F8 /* Project object */;
			proxyType = 1;
			remoteGlobalIDString = 040C4B521E48FA74001AE1F8;
			remoteInfo = FoodTracker;
		};
		040C4B731E48FA74001AE1F8 /* PBXContainerItemProxy */ = {
			isa = PBXContainerItemProxy;
			containerPortal = 040C4B4B1E48FA74001AE1F8 /* Project object */;
			proxyType = 1;
			remoteGlobalIDString = 040C4B521E48FA74001AE1F8;
			remoteInfo = FoodTracker;
		};
/* End PBXContainerItemProxy section */

/* Begin PBXFileReference section */
		040C4B531E48FA74001AE1F8 /* FoodTracker.app */ = {isa = PBXFileReference; explicitFileType = wrapper.application; includeInIndex = 0; path = FoodTracker.app; sourceTree = BUILT_PRODUCTS_DIR; };
		040C4B561E48FA74001AE1F8 /* AppDelegate.swift */ = {isa = PBXFileReference; lastKnownFileType = sourcecode.swift; path = AppDelegate.swift; sourceTree = "<group>"; };
		040C4B581E48FA74001AE1F8 /* ViewController.swift */ = {isa = PBXFileReference; lastKnownFileType = sourcecode.swift; path = ViewController.swift; sourceTree = "<group>"; };
		040C4B5B1E48FA74001AE1F8 /* Base */ = {isa = PBXFileReference; lastKnownFileType = file.storyboard; name = Base; path = Base.lproj/Main.storyboard; sourceTree = "<group>"; };
		040C4B5D1E48FA74001AE1F8 /* Assets.xcassets */ = {isa = PBXFileReference; lastKnownFileType = folder.assetcatalog; path = Assets.xcassets; sourceTree = "<group>"; };
		040C4B601E48FA74001AE1F8 /* Base */ = {isa = PBXFileReference; lastKnownFileType = file.storyboard; name = Base; path = Base.lproj/LaunchScreen.storyboard; sourceTree = "<group>"; };
		040C4B621E48FA74001AE1F8 /* Info.plist */ = {isa = PBXFileReference; lastKnownFileType = text.plist.xml; path = Info.plist; sourceTree = "<group>"; };
		040C4B671E48FA74001AE1F8 /* FoodTrackerTests.xctest */ = {isa = PBXFileReference; explicitFileType = wrapper.cfbundle; includeInIndex = 0; path = FoodTrackerTests.xctest; sourceTree = BUILT_PRODUCTS_DIR; };
		040C4B6B1E48FA74001AE1F8 /* FoodTrackerTests.swift */ = {isa = PBXFileReference; lastKnownFileType = sourcecode.swift; path = FoodTrackerTests.swift; sourceTree = "<group>"; };
		040C4B6D1E48FA74001AE1F8 /* Info.plist */ = {isa = PBXFileReference; lastKnownFileType = text.plist.xml; path = Info.plist; sourceTree = "<group>"; };
		040C4B721E48FA74001AE1F8 /* FoodTrackerUITests.xctest */ = {isa = PBXFileReference; explicitFileType = wrapper.cfbundle; includeInIndex = 0; path = FoodTrackerUITests.xctest; sourceTree = BUILT_PRODUCTS_DIR; };
		040C4B761E48FA74001AE1F8 /* FoodTrackerUITests.swift */ = {isa = PBXFileReference; lastKnownFileType = sourcecode.swift; path = FoodTrackerUITests.swift; sourceTree = "<group>"; };
		040C4B781E48FA74001AE1F8 /* Info.plist */ = {isa = PBXFileReference; lastKnownFileType = text.plist.xml; path = Info.plist; sourceTree = "<group>"; };
/* End PBXFileReference section */

/* Begin PBXFrameworksBuildPhase section */
		040C4B501E48FA74001AE1F8 /* Frameworks */ = {
			isa = PBXFrameworksBuildPhase;
			buildActionMask = 2147483647;
			files = (
			);
			runOnlyForDeploymentPostprocessing = 0;
		};
		040C4B641E48FA74001AE1F8 /* Frameworks */ = {
			isa = PBXFrameworksBuildPhase;
			buildActionMask = 2147483647;
			files = (
			);
			runOnlyForDeploymentPostprocessing = 0;
		};
		040C4B6F1E48FA74001AE1F8 /* Frameworks */ = {
			isa = PBXFrameworksBuildPhase;
			buildActionMask = 2147483647;
			files = (
			);
			runOnlyForDeploymentPostprocessing = 0;
		};
/* End PBXFrameworksBuildPhase section */

/* Begin PBXGroup section */
		040C4B4A1E48FA74001AE1F8 = {
			isa = PBXGroup;
			children = (
				040C4B551E48FA74001AE1F8 /* FoodTracker */,
				040C4B6A1E48FA74001AE1F8 /* FoodTrackerTests */,
				040C4B751E48FA74001AE1F8 /* FoodTrackerUITests */,
				040C4B541E48FA74001AE1F8 /* Products */,
			);
			sourceTree = "<group>";
		};
		040C4B541E48FA74001AE1F8 /* Products */ = {
			isa = PBXGroup;
			children = (
				040C4B531E48FA74001AE1F8 /* FoodTracker.app */,
				040C4B671E48FA74001AE1F8 /* FoodTrackerTests.xctest */,
				040C4B721E48FA74001AE1F8 /* FoodTrackerUITests.xctest */,
			);
			name = Products;
			sourceTree = "<group>";
		};
		040C4B551E48FA74001AE1F8 /* FoodTracker */ = {
			isa = PBXGroup;
			children = (
				040C4B561E48FA74001AE1F8 /* AppDelegate.swift */,
				040C4B581E48FA74001AE1F8 /* ViewController.swift */,
				040C4B5A1E48FA74001AE1F8 /* Main.storyboard */,
				040C4B5D1E48FA74001AE1F8 /* Assets.xcassets */,
				040C4B5F1E48FA74001AE1F8 /* LaunchScreen.storyboard */,
				040C4B621E48FA74001AE1F8 /* Info.plist */,
			);
			path = FoodTracker;
			sourceTree = "<group>";
		};
		040C4B6A1E48FA74001AE1F8 /* FoodTrackerTests */ = {
			isa = PBXGroup;
			children = (
				040C4B6B1E48FA74001AE1F8 /* FoodTrackerTests.swift */,
				040C4B6D1E48FA74001AE1F8 /* Info.plist */,
			);
			path = FoodTrackerTests;
			sourceTree = "<group>";
		};
		040C4B751E48FA74001AE1F8 /* FoodTrackerUITests */ = {
			isa = PBXGroup;
			children = (
				040C4B761E48FA74001AE1F8 /* FoodTrackerUITests.swift */,
				040C4B781E48FA74001AE1F8 /* Info.plist */,
			);
			path = FoodTrackerUITests;
			sourceTree = "<group>";
		};
/* End PBXGroup section */

/* Begin PBXNativeTarget section */
		040C4B521E48FA74001AE1F8 /* FoodTracker */ = {
			isa = PBXNativeTarget;
			buildConfigurationList = 040C4B7B1E48FA74001AE1F8 /* Build configuration list for PBXNativeTarget "FoodTracker" */;
			buildPhases = (
				040C4B4F1E48FA74001AE1F8 /* Sources */,
				040C4B501E48FA74001AE1F8 /* Frameworks */,
				040C4B511E48FA74001AE1F8 /* Resources */,
			);
			buildRules = (
			);
			dependencies = (
			);
			name = FoodTracker;
			productName = FoodTracker;
			productReference = 040C4B531E48FA74001AE1F8 /* FoodTracker.app */;
			productType = "com.apple.product-type.application";
		};
		040C4B661E48FA74001AE1F8 /* FoodTrackerTests */ = {
			isa = PBXNativeTarget;
			buildConfigurationList = 040C4B7E1E48FA74001AE1F8 /* Build configuration list for PBXNativeTarget "FoodTrackerTests" */;
			buildPhases = (
				040C4B631E48FA74001AE1F8 /* Sources */,
				040C4B641E48FA74001AE1F8 /* Frameworks */,
				040C4B651E48FA74001AE1F8 /* Resources */,
			);
			buildRules = (
			);
			dependencies = (
				040C4B691E48FA74001AE1F8 /* PBXTargetDependency */,
			);
			name = FoodTrackerTests;
			productName = FoodTrackerTests;
			productReference = 040C4B671E48FA74001AE1F8 /* FoodTrackerTests.xctest */;
			productType = "com.apple.product-type.bundle.unit-test";
		};
		040C4B711E48FA74001AE1F8 /* FoodTrackerUITests */ = {
			isa = PBXNativeTarget;
			buildConfigurationList = 040C4B811E48FA74001AE1F8 /* Build configuration list for PBXNativeTarget "FoodTrackerUITests" */;
			buildPhases = (
				040C4B6E1E48FA74001AE1F8 /* Sources */,
				040C4B6F1E48FA74001AE1F8 /* Frameworks */,
				040C4B701E48FA74001AE1F8 /* Resources */,
			);
			buildRules = (
			);
			dependencies = (
				040C4B741E48FA74001AE1F8 /* PBXTargetDependency */,
			);
			name = FoodTrackerUITests;
			productName = FoodTrackerUITests;
			productReference = 040C4B721E48FA74001AE1F8 /* FoodTrackerUITests.xctest */;
			productType = "com.apple.product-type.bundle.ui-testing";
		};
/* End PBXNativeTarget section */

/* Begin PBXProject section */
		040C4B4B1E48FA74001AE1F8 /* Project object */ = {
			isa = PBXProject;
			attributes = {
				LastSwiftUpdateCheck = 0720;
				LastUpgradeCheck = 0720;
				ORGANIZATIONNAME = Serena;
				TargetAttributes = {
					040C4B521E48FA74001AE1F8 = {
						CreatedOnToolsVersion = 7.2;
						DevelopmentTeam = TD9T292FCC;
					};
					040C4B661E48FA74001AE1F8 = {
						CreatedOnToolsVersion = 7.2;
						DevelopmentTeam = TD9T292FCC;
						TestTargetID = 040C4B521E48FA74001AE1F8;
					};
					040C4B711E48FA74001AE1F8 = {
						CreatedOnToolsVersion = 7.2;
						DevelopmentTeam = TD9T292FCC;
						TestTargetID = 040C4B521E48FA74001AE1F8;
					};
				};
			};
			buildConfigurationList = 040C4B4E1E48FA74001AE1F8 /* Build configuration list for PBXProject "FoodTracker" */;
			compatibilityVersion = "Xcode 3.2";
			developmentRegion = English;
			hasScannedForEncodings = 0;
			knownRegions = (
				en,
				Base,
			);
			mainGroup = 040C4B4A1E48FA74001AE1F8;
			productRefGroup = 040C4B541E48FA74001AE1F8 /* Products */;
			projectDirPath = "";
			projectRoot = "";
			targets = (
				040C4B521E48FA74001AE1F8 /* FoodTracker */,
				040C4B661E48FA74001AE1F8 /* FoodTrackerTests */,
				040C4B711E48FA74001AE1F8 /* FoodTrackerUITests */,
			);
		};
/* End PBXProject section */

/* Begin PBXResourcesBuildPhase section */
		040C4B511E48FA74001AE1F8 /* Resources */ = {
			isa = PBXResourcesBuildPhase;
			buildActionMask = 2147483647;
			files = (
				040C4B611E48FA74001AE1F8 /* LaunchScreen.storyboard in Resources */,
				040C4B5E1E48FA74001AE1F8 /* Assets.xcassets in Resources */,
				040C4B5C1E48FA74001AE1F8 /* Main.storyboard in Resources */,
			);
			runOnlyForDeploymentPostprocessing = 0;
		};
		040C4B651E48FA74001AE1F8 /* Resources */ = {
			isa = PBXResourcesBuildPhase;
			buildActionMask = 2147483647;
			files = (
			);
			runOnlyForDeploymentPostprocessing = 0;
		};
		040C4B701E48FA74001AE1F8 /* Resources */ = {
			isa = PBXResourcesBuildPhase;
			buildActionMask = 2147483647;
			files = (
			);
			runOnlyForDeploymentPostprocessing = 0;
		};
/* End PBXResourcesBuildPhase section */

/* Begin PBXSourcesBuildPhase section */
		040C4B4F1E48FA74001AE1F8 /* Sources */ = {
			isa = PBXSourcesBuildPhase;
			buildActionMask = 2147483647;
			files = (
				040C4B591E48FA74001AE1F8 /* ViewController.swift in Sources */,
				040C4B571E48FA74001AE1F8 /* AppDelegate.swift in Sources */,
			);
			runOnlyForDeploymentPostprocessing = 0;
		};
		040C4B631E48FA74001AE1F8 /* Sources */ = {
			isa = PBXSourcesBuildPhase;
			buildActionMask = 2147483647;
			files = (
				040C4B6C1E48FA74001AE1F8 /* FoodTrackerTests.swift in Sources */,
			);
			runOnlyForDeploymentPostprocessing = 0;
		};
		040C4B6E1E48FA74001AE1F8 /* Sources */ = {
			isa = PBXSourcesBuildPhase;
			buildActionMask = 2147483647;
			files = (
				040C4B771E48FA74001AE1F8 /* FoodTrackerUITests.swift in Sources */,
			);
			runOnlyForDeploymentPostprocessing = 0;
		};
/* End PBXSourcesBuildPhase section */

/* Begin PBXTargetDependency section */
		040C4B691E48FA74001AE1F8 /* PBXTargetDependency */ = {
			isa = PBXTargetDependency;
			target = 040C4B521E48FA74001AE1F8 /* FoodTracker */;
			targetProxy = 040C4B681E48FA74001AE1F8 /* PBXContainerItemProxy */;
		};
		040C4B741E48FA74001AE1F8 /* PBXTargetDependency */ = {
			isa = PBXTargetDependency;
			target = 040C4B521E48FA74001AE1F8 /* FoodTracker */;
			targetProxy = 040C4B731E48FA74001AE1F8 /* PBXContainerItemProxy */;
		};
/* End PBXTargetDependency section */

/* Begin PBXVariantGroup section */
		040C4B5A1E48FA74001AE1F8 /* Main.storyboard */ = {
			isa = PBXVariantGroup;
			children = (
				040C4B5B1E48FA74001AE1F8 /* Base */,
			);
			name = Main.storyboard;
			sourceTree = "<group>";
		};
		040C4B5F1E48FA74001AE1F8 /* LaunchScreen.storyboard */ = {
			isa = PBXVariantGroup;
			children = (
				040C4B601E48FA74001AE1F8 /* Base */,
			);
			name = LaunchScreen.storyboard;
			sourceTree = "<group>";
		};
/* End PBXVariantGroup section */

/* Begin XCBuildConfiguration section */
		040C4B791E48FA74001AE1F8 /* Debug */ = {
			isa = XCBuildConfiguration;
			buildSettings = {
				ALWAYS_SEARCH_USER_PATHS = NO;
				CLANG_CXX_LANGUAGE_STANDARD = "gnu++0x";
				CLANG_CXX_LIBRARY = "libc++";
				CLANG_ENABLE_MODULES = YES;
				CLANG_ENABLE_OBJC_ARC = YES;
				CLANG_WARN_BOOL_CONVERSION = YES;
				CLANG_WARN_CONSTANT_CONVERSION = YES;
				CLANG_WARN_DIRECT_OBJC_ISA_USAGE = YES_ERROR;
				CLANG_WARN_EMPTY_BODY = YES;
				CLANG_WARN_ENUM_CONVERSION = YES;
				CLANG_WARN_INT_CONVERSION = YES;
				CLANG_WARN_OBJC_ROOT_CLASS = YES_ERROR;
				CLANG_WARN_UNREACHABLE_CODE = YES;
				CLANG_WARN__DUPLICATE_METHOD_MATCH = YES;
				"CODE_SIGN_IDENTITY[sdk=iphoneos*]" = "iPhone Developer";
				COPY_PHASE_STRIP = NO;
				DEBUG_INFORMATION_FORMAT = dwarf;
				ENABLE_STRICT_OBJC_MSGSEND = YES;
				ENABLE_TESTABILITY = YES;
				GCC_C_LANGUAGE_STANDARD = gnu99;
				GCC_DYNAMIC_NO_PIC = NO;
				GCC_NO_COMMON_BLOCKS = YES;
				GCC_OPTIMIZATION_LEVEL = 0;
				GCC_PREPROCESSOR_DEFINITIONS = (
					"DEBUG=1",
					"$(inherited)",
				);
				GCC_WARN_64_TO_32_BIT_CONVERSION = YES;
				GCC_WARN_ABOUT_RETURN_TYPE = YES_ERROR;
				GCC_WARN_UNDECLARED_SELECTOR = YES;
				GCC_WARN_UNINITIALIZED_AUTOS = YES_AGGRESSIVE;
				GCC_WARN_UNUSED_FUNCTION = YES;
				GCC_WARN_UNUSED_VARIABLE = YES;
				IPHONEOS_DEPLOYMENT_TARGET = 9.2;
				MTL_ENABLE_DEBUG_INFO = YES;
				ONLY_ACTIVE_ARCH = YES;
				SDKROOT = iphoneos;
				SWIFT_OPTIMIZATION_LEVEL = "-Onone";
				TARGETED_DEVICE_FAMILY = "1,2";
			};
			name = Debug;
		};
		040C4B7A1E48FA74001AE1F8 /* Release */ = {
			isa = XCBuildConfiguration;
			buildSettings = {
				ALWAYS_SEARCH_USER_PATHS = NO;
				CLANG_CXX_LANGUAGE_STANDARD = "gnu++0x";
				CLANG_CXX_LIBRARY = "libc++";
				CLANG_ENABLE_MODULES = YES;
				CLANG_ENABLE_OBJC_ARC = YES;
				CLANG_WARN_BOOL_CONVERSION = YES;
				CLANG_WARN_CONSTANT_CONVERSION = YES;
				CLANG_WARN_DIRECT_OBJC_ISA_USAGE = YES_ERROR;
				CLANG_WARN_EMPTY_BODY = YES;
				CLANG_WARN_ENUM_CONVERSION = YES;
				CLANG_WARN_INT_CONVERSION = YES;
				CLANG_WARN_OBJC_ROOT_CLASS = YES_ERROR;
				CLANG_WARN_UNREACHABLE_CODE = YES;
				CLANG_WARN__DUPLICATE_METHOD_MATCH = YES;
				"CODE_SIGN_IDENTITY[sdk=iphoneos*]" = "iPhone Developer";
				COPY_PHASE_STRIP = NO;
				DEBUG_INFORMATION_FORMAT = "dwarf-with-dsym";
				ENABLE_NS_ASSERTIONS = NO;
				ENABLE_STRICT_OBJC_MSGSEND = YES;
				GCC_C_LANGUAGE_STANDARD = gnu99;
				GCC_NO_COMMON_BLOCKS = YES;
				GCC_WARN_64_TO_32_BIT_CONVERSION = YES;
				GCC_WARN_ABOUT_RETURN_TYPE = YES_ERROR;
				GCC_WARN_UNDECLARED_SELECTOR = YES;
				GCC_WARN_UNINITIALIZED_AUTOS = YES_AGGRESSIVE;
				GCC_WARN_UNUSED_FUNCTION = YES;
				GCC_WARN_UNUSED_VARIABLE = YES;
				IPHONEOS_DEPLOYMENT_TARGET = 9.2;
				MTL_ENABLE_DEBUG_INFO = NO;
				SDKROOT = iphoneos;
				TARGETED_DEVICE_FAMILY = "1,2";
				VALIDATE_PRODUCT = YES;
			};
			name = Release;
		};
		040C4B7C1E48FA74001AE1F8 /* Debug */ = {
			isa = XCBuildConfiguration;
			buildSettings = {
				ASSETCATALOG_COMPILER_APPICON_NAME = AppIcon;
				INFOPLIST_FILE = FoodTracker/Info.plist;
				LD_RUNPATH_SEARCH_PATHS = "$(inherited) @executable_path/Frameworks";
				PRODUCT_BUNDLE_IDENTIFIER = com.FoodTracker;
				PRODUCT_NAME = "$(TARGET_NAME)";
			};
			name = Debug;
		};
		040C4B7D1E48FA74001AE1F8 /* Release */ = {
			isa = XCBuildConfiguration;
			buildSettings = {
				ASSETCATALOG_COMPILER_APPICON_NAME = AppIcon;
				INFOPLIST_FILE = FoodTracker/Info.plist;
				LD_RUNPATH_SEARCH_PATHS = "$(inherited) @executable_path/Frameworks";
				PRODUCT_BUNDLE_IDENTIFIER = com.FoodTracker;
				PRODUCT_NAME = "$(TARGET_NAME)";
			};
			name = Release;
		};
		040C4B7F1E48FA74001AE1F8 /* Debug */ = {
			isa = XCBuildConfiguration;
			buildSettings = {
				BUNDLE_LOADER = "$(TEST_HOST)";
				INFOPLIST_FILE = FoodTrackerTests/Info.plist;
				LD_RUNPATH_SEARCH_PATHS = "$(inherited) @executable_path/Frameworks @loader_path/Frameworks";
				PRODUCT_BUNDLE_IDENTIFIER = com.FoodTrackerTests;
				PRODUCT_NAME = "$(TARGET_NAME)";
				TEST_HOST = "$(BUILT_PRODUCTS_DIR)/FoodTracker.app/FoodTracker";
			};
			name = Debug;
		};
		040C4B801E48FA74001AE1F8 /* Release */ = {
			isa = XCBuildConfiguration;
			buildSettings = {
				BUNDLE_LOADER = "$(TEST_HOST)";
				INFOPLIST_FILE = FoodTrackerTests/Info.plist;
				LD_RUNPATH_SEARCH_PATHS = "$(inherited) @executable_path/Frameworks @loader_path/Frameworks";
				PRODUCT_BUNDLE_IDENTIFIER = com.FoodTrackerTests;
				PRODUCT_NAME = "$(TARGET_NAME)";
				TEST_HOST = "$(BUILT_PRODUCTS_DIR)/FoodTracker.app/FoodTracker";
			};
			name = Release;
		};
		040C4B821E48FA74001AE1F8 /* Debug */ = {
			isa = XCBuildConfiguration;
			buildSettings = {
				INFOPLIST_FILE = FoodTrackerUITests/Info.plist;
				LD_RUNPATH_SEARCH_PATHS = "$(inherited) @executable_path/Frameworks @loader_path/Frameworks";
				PRODUCT_BUNDLE_IDENTIFIER = com.FoodTrackerUITests;
				PRODUCT_NAME = "$(TARGET_NAME)";
				TEST_TARGET_NAME = FoodTracker;
				USES_XCTRUNNER = YES;
			};
			name = Debug;
		};
		040C4B831E48FA74001AE1F8 /* Release */ = {
			isa = XCBuildConfiguration;
			buildSettings = {
				INFOPLIST_FILE = FoodTrackerUITests/Info.plist;
				LD_RUNPATH_SEARCH_PATHS = "$(inherited) @executable_path/Frameworks @loader_path/Frameworks";
				PRODUCT_BUNDLE_IDENTIFIER = com.FoodTrackerUITests;
				PRODUCT_NAME = "$(TARGET_NAME)";
				TEST_TARGET_NAME = FoodTracker;
				USES_XCTRUNNER = YES;
			};
			name = Release;
		};
/* End XCBuildConfiguration section */

/* Begin XCConfigurationList section */
		040C4B4E1E48FA74001AE1F8 /* Build configuration list for PBXProject "FoodTracker" */ = {
			isa = XCConfigurationList;
			buildConfigurations = (
				040C4B791E48FA74001AE1F8 /* Debug */,
				040C4B7A1E48FA74001AE1F8 /* Release */,
			);
			defaultConfigurationIsVisible = 0;
			defaultConfigurationName = Release;
		};
		040C4B7B1E48FA74001AE1F8 /* Build configuration list for PBXNativeTarget "FoodTracker" */ = {
			isa = XCConfigurationList;
			buildConfigurations = (
				040C4B7C1E48FA74001AE1F8 /* Debug */,
				040C4B7D1E48FA74001AE1F8 /* Release */,
			);
			defaultConfigurationIsVisible = 0;
		};
		040C4B7E1E48FA74001AE1F8 /* Build configuration list for PBXNativeTarget "FoodTrackerTests" */ = {
			isa = XCConfigurationList;
			buildConfigurations = (
				040C4B7F1E48FA74001AE1F8 /* Debug */,
				040C4B801E48FA74001AE1F8 /* Release */,
			);
			defaultConfigurationIsVisible = 0;
		};
		040C4B811E48FA74001AE1F8 /* Build configuration list for PBXNativeTarget "FoodTrackerUITests" */ = {
			isa = XCConfigurationList;
			buildConfigurations = (
				040C4B821E48FA74001AE1F8 /* Debug */,
				040C4B831E48FA74001AE1F8 /* Release */,
			);
			defaultConfigurationIsVisible = 0;
		};
/* End XCConfigurationList section */
	};
	rootObject = 040C4B4B1E48FA74001AE1F8 /* Project object */;
}
